
Microsoft Visual Studio Solution File, Format Version 12.00
# Visual Studio 2013
VisualStudioVersion = 12.0.21005.1
MinimumVisualStudioVersion = 10.0.40219.1
Project("{2150E333-8FDC-42A3-9474-1A3956D46DE8}") = "Docs and Notes", "Docs and Notes", "{A2718DDE-C160-4D9E-9F63-43BE7B32F17B}"
	ProjectSection(SolutionItems) = preProject
		Class Structure.txt = Class Structure.txt
		Crash Hazards + Validation.txt = Crash Hazards + Validation.txt
		InlineSymbols.txt = InlineSymbols.txt
		Loadout Names.txt = Loadout Names.txt
	EndProjectSection
EndProject
Project("{FAE04EC0-301F-11D3-BF4B-00C04F79EFBC}") = "Nitrogen", "Nitrogen\Nitrogen.csproj", "{8445EAA1-BDC9-47F4-BB77-469D3E3105DD}"
EndProject
Project("{FAE04EC0-301F-11D3-BF4B-00C04F79EFBC}") = "Nitrogen.Wumbalo", "Nitrogen.Wumbalo\Nitrogen.Wumbalo.csproj", "{CE2249D6-1A20-4908-883F-4CB8A2C58E46}"
EndProject
Global
	GlobalSection(SolutionConfigurationPlatforms) = preSolution
		Debug|Any CPU = Debug|Any CPU
		Release|Any CPU = Release|Any CPU
	EndGlobalSection
	GlobalSection(ProjectConfigurationPlatforms) = postSolution
		{8445EAA1-BDC9-47F4-BB77-469D3E3105DD}.Debug|Any CPU.ActiveCfg = Debug|Any CPU
		{8445EAA1-BDC9-47F4-BB77-469D3E3105DD}.Debug|Any CPU.Build.0 = Debug|Any CPU
		{8445EAA1-BDC9-47F4-BB77-469D3E3105DD}.Release|Any CPU.ActiveCfg = Release|Any CPU
		{8445EAA1-BDC9-47F4-BB77-469D3E3105DD}.Release|Any CPU.Build.0 = Release|Any CPU
		{CE2249D6-1A20-4908-883F-4CB8A2C58E46}.Debug|Any CPU.ActiveCfg = Debug|Any CPU
		{CE2249D6-1A20-4908-883F-4CB8A2C58E46}.Debug|Any CPU.Build.0 = Debug|Any CPU
		{CE2249D6-1A20-4908-883F-4CB8A2C58E46}.Release|Any CPU.ActiveCfg = Release|Any CPU
		{CE2249D6-1A20-4908-883F-4CB8A2C58E46}.Release|Any CPU.Build.0 = Release|Any CPU
	EndGlobalSection
	GlobalSection(SolutionProperties) = preSolution
		HideSolutionNode = FALSE
	EndGlobalSection
EndGlobal
